
Microsoft Visual Studio Solution File, Format Version 12.00
# Visual Studio Version 17
VisualStudioVersion = 17.8.34330.188
MinimumVisualStudioVersion = 10.0.40219.1
Project("{2150E333-8FDC-42A3-9474-1A3956D46DE8}") = "Элементы решения", "Элементы решения", "{31E8D205-3102-4495-BF04-4A3B52364D6D}"
	ProjectSection(SolutionItems) = preProject
		config.py = config.py
		website.py = website.py
	EndProjectSection
EndProject
Project("{2150E333-8FDC-42A3-9474-1A3956D46DE8}") = "app", "app", "{C993211B-5A01-4626-BFCF-4F505CC61947}"
	ProjectSection(SolutionItems) = preProject
		app\routes.py = app\routes.py
		app\__init__.py = app\__init__.py
	EndProjectSection
EndProject
Project("{2150E333-8FDC-42A3-9474-1A3956D46DE8}") = "templates", "templates", "{D15EB3D4-63D7-4AB1-9540-FA1039479F30}"
	ProjectSection(SolutionItems) = preProject
		app\templates\index.html = app\templates\index.html
	EndProjectSection
EndProject
Project("{2150E333-8FDC-42A3-9474-1A3956D46DE8}") = "static", "static", "{B6E36D27-15F7-4B9E-A5E8-141E00D6BBD6}"
	ProjectSection(SolutionItems) = preProject
		app\static\styles.css = app\static\styles.css
	EndProjectSection
EndProject
Global
	GlobalSection(SolutionProperties) = preSolution
		HideSolutionNode = FALSE
	EndGlobalSection
	GlobalSection(NestedProjects) = preSolution
		{C993211B-5A01-4626-BFCF-4F505CC61947} = {31E8D205-3102-4495-BF04-4A3B52364D6D}
		{D15EB3D4-63D7-4AB1-9540-FA1039479F30} = {C993211B-5A01-4626-BFCF-4F505CC61947}
		{B6E36D27-15F7-4B9E-A5E8-141E00D6BBD6} = {C993211B-5A01-4626-BFCF-4F505CC61947}
	EndGlobalSection
	GlobalSection(ExtensibilityGlobals) = postSolution
		SolutionGuid = {D00A6294-CA50-4A9D-A7A7-2DC2F93CBF2B}
	EndGlobalSection
EndGlobal
